
Microsoft Visual Studio Solution File, Format Version 12.00
# Visual Studio Version 17
VisualStudioVersion = 17.14.36401.2 d17.14
MinimumVisualStudioVersion = 10.0.40219.1
Project("{FAE04EC0-301F-11D3-BF4B-00C04F79EFBC}") = "DataTypeMapping", "DataTypeMapping\DataTypeMapping.csproj", "{35C5808A-4133-46D8-941F-8064F4B2D523}"
EndProject
Global
	GlobalSection(SolutionConfigurationPlatforms) = preSolution
		Debug|Any CPU = Debug|Any CPU
		Release|Any CPU = Release|Any CPU
	EndGlobalSection
	GlobalSection(ProjectConfigurationPlatforms) = postSolution
		{35C5808A-4133-46D8-941F-8064F4B2D523}.Debug|Any CPU.ActiveCfg = Debug|Any CPU
		{35C5808A-4133-46D8-941F-8064F4B2D523}.Debug|Any CPU.Build.0 = Debug|Any CPU
		{35C5808A-4133-46D8-941F-8064F4B2D523}.Release|Any CPU.ActiveCfg = Release|Any CPU
		{35C5808A-4133-46D8-941F-8064F4B2D523}.Release|Any CPU.Build.0 = Release|Any CPU
	EndGlobalSection
	GlobalSection(SolutionProperties) = preSolution
		HideSolutionNode = FALSE
	EndGlobalSection
	GlobalSection(ExtensibilityGlobals) = postSolution
		SolutionGuid = {B578425C-C4C4-48B1-B797-31DCD1B7DE34}
	EndGlobalSection
EndGlobal
