
Microsoft Visual Studio Solution File, Format Version 12.00
# Visual Studio Version 17
VisualStudioVersion = 17.14.36401.2
MinimumVisualStudioVersion = 10.0.40219.1
Project("{FAE04EC0-301F-11D3-BF4B-00C04F79EFBC}") = "AuthServer", "DataTypeMapping\AuthServer.csproj", "{35C5808A-4133-46D8-941F-8064F4B2D523}"
EndProject
Project("{2150E333-8FDC-42A3-9474-1A3956D46DE8}") = "Services", "Services", "{02EA681E-C7D8-13C7-8484-4AC65E1B71E8}"
EndProject
Project("{2150E333-8FDC-42A3-9474-1A3956D46DE8}") = "IntegrationLayer", "IntegrationLayer", "{54267097-ED00-41A9-8FFF-5A0FF0855A4D}"
EndProject
Project("{2150E333-8FDC-42A3-9474-1A3956D46DE8}") = "ApplicationGateway", "ApplicationGateway", "{E72BADB5-4D56-4EF5-9E5C-1E6141E9D12B}"
EndProject
Project("{FAE04EC0-301F-11D3-BF4B-00C04F79EFBC}") = "ProductService", "ProductService\ProductService.csproj", "{27B6CCB9-CFA0-4141-8852-082930F7CE57}"
EndProject
Project("{FAE04EC0-301F-11D3-BF4B-00C04F79EFBC}") = "OrderService", "OrderService\OrderService.csproj", "{9C89117B-30B2-4685-A3D8-B8109C571DEA}"
EndProject
Global
	GlobalSection(SolutionConfigurationPlatforms) = preSolution
		Debug|Any CPU = Debug|Any CPU
		Release|Any CPU = Release|Any CPU
	EndGlobalSection
	GlobalSection(ProjectConfigurationPlatforms) = postSolution
		{35C5808A-4133-46D8-941F-8064F4B2D523}.Debug|Any CPU.ActiveCfg = Debug|Any CPU
		{35C5808A-4133-46D8-941F-8064F4B2D523}.Debug|Any CPU.Build.0 = Debug|Any CPU
		{35C5808A-4133-46D8-941F-8064F4B2D523}.Release|Any CPU.ActiveCfg = Release|Any CPU
		{35C5808A-4133-46D8-941F-8064F4B2D523}.Release|Any CPU.Build.0 = Release|Any CPU
		{27B6CCB9-CFA0-4141-8852-082930F7CE57}.Debug|Any CPU.ActiveCfg = Debug|Any CPU
		{27B6CCB9-CFA0-4141-8852-082930F7CE57}.Debug|Any CPU.Build.0 = Debug|Any CPU
		{27B6CCB9-CFA0-4141-8852-082930F7CE57}.Release|Any CPU.ActiveCfg = Release|Any CPU
		{27B6CCB9-CFA0-4141-8852-082930F7CE57}.Release|Any CPU.Build.0 = Release|Any CPU
		{9C89117B-30B2-4685-A3D8-B8109C571DEA}.Debug|Any CPU.ActiveCfg = Debug|Any CPU
		{9C89117B-30B2-4685-A3D8-B8109C571DEA}.Debug|Any CPU.Build.0 = Debug|Any CPU
		{9C89117B-30B2-4685-A3D8-B8109C571DEA}.Release|Any CPU.ActiveCfg = Release|Any CPU
		{9C89117B-30B2-4685-A3D8-B8109C571DEA}.Release|Any CPU.Build.0 = Release|Any CPU
	EndGlobalSection
	GlobalSection(SolutionProperties) = preSolution
		HideSolutionNode = FALSE
	EndGlobalSection
	GlobalSection(NestedProjects) = preSolution
		{35C5808A-4133-46D8-941F-8064F4B2D523} = {02EA681E-C7D8-13C7-8484-4AC65E1B71E8}
		{27B6CCB9-CFA0-4141-8852-082930F7CE57} = {02EA681E-C7D8-13C7-8484-4AC65E1B71E8}
		{9C89117B-30B2-4685-A3D8-B8109C571DEA} = {02EA681E-C7D8-13C7-8484-4AC65E1B71E8}
	EndGlobalSection
	GlobalSection(ExtensibilityGlobals) = postSolution
		SolutionGuid = {B578425C-C4C4-48B1-B797-31DCD1B7DE34}
	EndGlobalSection
EndGlobal
