
Microsoft Visual Studio Solution File, Format Version 12.00
# Visual Studio Version 17
VisualStudioVersion = 17.14.36401.2
MinimumVisualStudioVersion = 10.0.40219.1
Project("{FAE04EC0-301F-11D3-BF4B-00C04F79EFBC}") = "AuthServer", "DataTypeMapping\AuthServer.csproj", "{35C5808A-4133-46D8-941F-8064F4B2D523}"
EndProject
Project("{2150E333-8FDC-42A3-9474-1A3956D46DE8}") = "Src", "Src", "{02EA681E-C7D8-13C7-8484-4AC65E1B71E8}"
EndProject
Project("{2150E333-8FDC-42A3-9474-1A3956D46DE8}") = "IntegrationLayer", "IntegrationLayer", "{54267097-ED00-41A9-8FFF-5A0FF0855A4D}"
EndProject
Project("{2150E333-8FDC-42A3-9474-1A3956D46DE8}") = "ApplicationGateway", "ApplicationGateway", "{E72BADB5-4D56-4EF5-9E5C-1E6141E9D12B}"
EndProject
Project("{FAE04EC0-301F-11D3-BF4B-00C04F79EFBC}") = "UpStream.ProductService", "ProductService\UpStream.ProductService.csproj", "{27B6CCB9-CFA0-4141-8852-082930F7CE57}"
EndProject
Project("{FAE04EC0-301F-11D3-BF4B-00C04F79EFBC}") = "UpStream.OrderService", "OrderService\UpStream.OrderService.csproj", "{9C89117B-30B2-4685-A3D8-B8109C571DEA}"
EndProject
Project("{2150E333-8FDC-42A3-9474-1A3956D46DE8}") = "UpStream", "UpStream", "{3D7EA01C-EA33-4EBB-95BA-882DC94F1298}"
EndProject
Project("{2150E333-8FDC-42A3-9474-1A3956D46DE8}") = "DownStream", "DownStream", "{F378C4D7-7F53-49C1-B43A-3CD9247C37D6}"
EndProject
Project("{FAE04EC0-301F-11D3-BF4B-00C04F79EFBC}") = "Upstream.Shared", "Upstream.Shared\Upstream.Shared.csproj", "{1995AD21-95C9-4657-B5D3-0367E034383A}"
EndProject
Project("{FAE04EC0-301F-11D3-BF4B-00C04F79EFBC}") = "DownStream.PaymentService", "DownStream.PaymentService\DownStream.PaymentService.csproj", "{3D9CE89B-6C19-45B6-91FE-E86B2DAFE839}"
EndProject
Project("{FAE04EC0-301F-11D3-BF4B-00C04F79EFBC}") = "DownStream.ShippingTrackingService", "DownStream.TrackingService\DownStream.ShippingTrackingService.csproj", "{2FAC7ECE-B610-4EDD-9CFF-B87B20AC6A5E}"
EndProject
Project("{FAE04EC0-301F-11D3-BF4B-00C04F79EFBC}") = "DownStream.NotificationService", "NotificationService\DownStream.NotificationService.csproj", "{1BF97791-B5D8-4988-8870-BE9DA1E380C2}"
EndProject
Project("{2150E333-8FDC-42A3-9474-1A3956D46DE8}") = "VMS", "VMS", "{81831446-2BFF-4AE2-AB96-53E2AD5F1D18}"
EndProject
Project("{2150E333-8FDC-42A3-9474-1A3956D46DE8}") = "OMS", "OMS", "{56C6E8DB-51BB-486A-A512-A767CFD8DB54}"
EndProject
Project("{FAE04EC0-301F-11D3-BF4B-00C04F79EFBC}") = "ContractService", "D:\Interview\Self_Notes\June-2025-project\SmartProcurementSuite\ContractService\ContractService.csproj", "{D1D961D9-1A69-95EA-B09E-789917519728}"
EndProject
Project("{FAE04EC0-301F-11D3-BF4B-00C04F79EFBC}") = "IdentityService", "D:\Interview\Self_Notes\June-2025-project\SmartProcurementSuite\IdentityService\IdentityService.csproj", "{D11AA71B-5987-EE6D-1EC2-299A8B7F54D4}"
EndProject
Project("{FAE04EC0-301F-11D3-BF4B-00C04F79EFBC}") = "InventoryService", "D:\Interview\Self_Notes\June-2025-project\SmartProcurementSuite\InventoryService\InventoryService.csproj", "{C69E3E21-C4C7-2987-929C-75EE751C154D}"
EndProject
Project("{FAE04EC0-301F-11D3-BF4B-00C04F79EFBC}") = "ProcurementService", "D:\Interview\Self_Notes\June-2025-project\SmartProcurementSuite\ProcurementService\ProcurementService.csproj", "{6D060D6B-6159-8D66-3F53-7DFD860BD125}"
EndProject
Project("{FAE04EC0-301F-11D3-BF4B-00C04F79EFBC}") = "VendorService", "D:\Interview\Self_Notes\June-2025-project\SmartProcurementSuite\VendorService\VendorService.csproj", "{BDB3D5A8-51F9-F838-88A7-DBD35C577907}"
EndProject
Global
	GlobalSection(SolutionConfigurationPlatforms) = preSolution
		Debug|Any CPU = Debug|Any CPU
		Release|Any CPU = Release|Any CPU
	EndGlobalSection
	GlobalSection(ProjectConfigurationPlatforms) = postSolution
		{35C5808A-4133-46D8-941F-8064F4B2D523}.Debug|Any CPU.ActiveCfg = Debug|Any CPU
		{35C5808A-4133-46D8-941F-8064F4B2D523}.Debug|Any CPU.Build.0 = Debug|Any CPU
		{35C5808A-4133-46D8-941F-8064F4B2D523}.Release|Any CPU.ActiveCfg = Release|Any CPU
		{35C5808A-4133-46D8-941F-8064F4B2D523}.Release|Any CPU.Build.0 = Release|Any CPU
		{27B6CCB9-CFA0-4141-8852-082930F7CE57}.Debug|Any CPU.ActiveCfg = Debug|Any CPU
		{27B6CCB9-CFA0-4141-8852-082930F7CE57}.Debug|Any CPU.Build.0 = Debug|Any CPU
		{27B6CCB9-CFA0-4141-8852-082930F7CE57}.Release|Any CPU.ActiveCfg = Release|Any CPU
		{27B6CCB9-CFA0-4141-8852-082930F7CE57}.Release|Any CPU.Build.0 = Release|Any CPU
		{9C89117B-30B2-4685-A3D8-B8109C571DEA}.Debug|Any CPU.ActiveCfg = Debug|Any CPU
		{9C89117B-30B2-4685-A3D8-B8109C571DEA}.Debug|Any CPU.Build.0 = Debug|Any CPU
		{9C89117B-30B2-4685-A3D8-B8109C571DEA}.Release|Any CPU.ActiveCfg = Release|Any CPU
		{9C89117B-30B2-4685-A3D8-B8109C571DEA}.Release|Any CPU.Build.0 = Release|Any CPU
		{1995AD21-95C9-4657-B5D3-0367E034383A}.Debug|Any CPU.ActiveCfg = Debug|Any CPU
		{1995AD21-95C9-4657-B5D3-0367E034383A}.Debug|Any CPU.Build.0 = Debug|Any CPU
		{1995AD21-95C9-4657-B5D3-0367E034383A}.Release|Any CPU.ActiveCfg = Release|Any CPU
		{1995AD21-95C9-4657-B5D3-0367E034383A}.Release|Any CPU.Build.0 = Release|Any CPU
		{3D9CE89B-6C19-45B6-91FE-E86B2DAFE839}.Debug|Any CPU.ActiveCfg = Debug|Any CPU
		{3D9CE89B-6C19-45B6-91FE-E86B2DAFE839}.Debug|Any CPU.Build.0 = Debug|Any CPU
		{3D9CE89B-6C19-45B6-91FE-E86B2DAFE839}.Release|Any CPU.ActiveCfg = Release|Any CPU
		{3D9CE89B-6C19-45B6-91FE-E86B2DAFE839}.Release|Any CPU.Build.0 = Release|Any CPU
		{2FAC7ECE-B610-4EDD-9CFF-B87B20AC6A5E}.Debug|Any CPU.ActiveCfg = Debug|Any CPU
		{2FAC7ECE-B610-4EDD-9CFF-B87B20AC6A5E}.Debug|Any CPU.Build.0 = Debug|Any CPU
		{2FAC7ECE-B610-4EDD-9CFF-B87B20AC6A5E}.Release|Any CPU.ActiveCfg = Release|Any CPU
		{2FAC7ECE-B610-4EDD-9CFF-B87B20AC6A5E}.Release|Any CPU.Build.0 = Release|Any CPU
		{1BF97791-B5D8-4988-8870-BE9DA1E380C2}.Debug|Any CPU.ActiveCfg = Debug|Any CPU
		{1BF97791-B5D8-4988-8870-BE9DA1E380C2}.Debug|Any CPU.Build.0 = Debug|Any CPU
		{1BF97791-B5D8-4988-8870-BE9DA1E380C2}.Release|Any CPU.ActiveCfg = Release|Any CPU
		{1BF97791-B5D8-4988-8870-BE9DA1E380C2}.Release|Any CPU.Build.0 = Release|Any CPU
		{D1D961D9-1A69-95EA-B09E-789917519728}.Debug|Any CPU.ActiveCfg = Debug|Any CPU
		{D1D961D9-1A69-95EA-B09E-789917519728}.Debug|Any CPU.Build.0 = Debug|Any CPU
		{D1D961D9-1A69-95EA-B09E-789917519728}.Release|Any CPU.ActiveCfg = Release|Any CPU
		{D1D961D9-1A69-95EA-B09E-789917519728}.Release|Any CPU.Build.0 = Release|Any CPU
		{D11AA71B-5987-EE6D-1EC2-299A8B7F54D4}.Debug|Any CPU.ActiveCfg = Debug|Any CPU
		{D11AA71B-5987-EE6D-1EC2-299A8B7F54D4}.Debug|Any CPU.Build.0 = Debug|Any CPU
		{D11AA71B-5987-EE6D-1EC2-299A8B7F54D4}.Release|Any CPU.ActiveCfg = Release|Any CPU
		{D11AA71B-5987-EE6D-1EC2-299A8B7F54D4}.Release|Any CPU.Build.0 = Release|Any CPU
		{C69E3E21-C4C7-2987-929C-75EE751C154D}.Debug|Any CPU.ActiveCfg = Debug|Any CPU
		{C69E3E21-C4C7-2987-929C-75EE751C154D}.Debug|Any CPU.Build.0 = Debug|Any CPU
		{C69E3E21-C4C7-2987-929C-75EE751C154D}.Release|Any CPU.ActiveCfg = Release|Any CPU
		{C69E3E21-C4C7-2987-929C-75EE751C154D}.Release|Any CPU.Build.0 = Release|Any CPU
		{6D060D6B-6159-8D66-3F53-7DFD860BD125}.Debug|Any CPU.ActiveCfg = Debug|Any CPU
		{6D060D6B-6159-8D66-3F53-7DFD860BD125}.Debug|Any CPU.Build.0 = Debug|Any CPU
		{6D060D6B-6159-8D66-3F53-7DFD860BD125}.Release|Any CPU.ActiveCfg = Release|Any CPU
		{6D060D6B-6159-8D66-3F53-7DFD860BD125}.Release|Any CPU.Build.0 = Release|Any CPU
		{BDB3D5A8-51F9-F838-88A7-DBD35C577907}.Debug|Any CPU.ActiveCfg = Debug|Any CPU
		{BDB3D5A8-51F9-F838-88A7-DBD35C577907}.Debug|Any CPU.Build.0 = Debug|Any CPU
		{BDB3D5A8-51F9-F838-88A7-DBD35C577907}.Release|Any CPU.ActiveCfg = Release|Any CPU
		{BDB3D5A8-51F9-F838-88A7-DBD35C577907}.Release|Any CPU.Build.0 = Release|Any CPU
	EndGlobalSection
	GlobalSection(SolutionProperties) = preSolution
		HideSolutionNode = FALSE
	EndGlobalSection
	GlobalSection(NestedProjects) = preSolution
		{35C5808A-4133-46D8-941F-8064F4B2D523} = {56C6E8DB-51BB-486A-A512-A767CFD8DB54}
		{27B6CCB9-CFA0-4141-8852-082930F7CE57} = {3D7EA01C-EA33-4EBB-95BA-882DC94F1298}
		{9C89117B-30B2-4685-A3D8-B8109C571DEA} = {3D7EA01C-EA33-4EBB-95BA-882DC94F1298}
		{3D7EA01C-EA33-4EBB-95BA-882DC94F1298} = {56C6E8DB-51BB-486A-A512-A767CFD8DB54}
		{F378C4D7-7F53-49C1-B43A-3CD9247C37D6} = {56C6E8DB-51BB-486A-A512-A767CFD8DB54}
		{1995AD21-95C9-4657-B5D3-0367E034383A} = {3D7EA01C-EA33-4EBB-95BA-882DC94F1298}
		{3D9CE89B-6C19-45B6-91FE-E86B2DAFE839} = {F378C4D7-7F53-49C1-B43A-3CD9247C37D6}
		{2FAC7ECE-B610-4EDD-9CFF-B87B20AC6A5E} = {F378C4D7-7F53-49C1-B43A-3CD9247C37D6}
		{1BF97791-B5D8-4988-8870-BE9DA1E380C2} = {F378C4D7-7F53-49C1-B43A-3CD9247C37D6}
		{81831446-2BFF-4AE2-AB96-53E2AD5F1D18} = {02EA681E-C7D8-13C7-8484-4AC65E1B71E8}
		{56C6E8DB-51BB-486A-A512-A767CFD8DB54} = {02EA681E-C7D8-13C7-8484-4AC65E1B71E8}
		{D1D961D9-1A69-95EA-B09E-789917519728} = {81831446-2BFF-4AE2-AB96-53E2AD5F1D18}
		{D11AA71B-5987-EE6D-1EC2-299A8B7F54D4} = {81831446-2BFF-4AE2-AB96-53E2AD5F1D18}
		{C69E3E21-C4C7-2987-929C-75EE751C154D} = {81831446-2BFF-4AE2-AB96-53E2AD5F1D18}
		{6D060D6B-6159-8D66-3F53-7DFD860BD125} = {81831446-2BFF-4AE2-AB96-53E2AD5F1D18}
		{BDB3D5A8-51F9-F838-88A7-DBD35C577907} = {81831446-2BFF-4AE2-AB96-53E2AD5F1D18}
	EndGlobalSection
	GlobalSection(ExtensibilityGlobals) = postSolution
		SolutionGuid = {B578425C-C4C4-48B1-B797-31DCD1B7DE34}
	EndGlobalSection
EndGlobal
